// !$*UTF8*$!
{
	archiveVersion = 1;
	classes = {
	};
	objectVersion = 77;
	objects = {

/* Begin PBXBuildFile section */
		934F5A3B2F0332C2005823F6 /* Event.swift in Sources */ = {isa = PBXBuildFile; fileRef = 934F5A3A2F0332C2005823F6 /* Event.swift */; };
		934F5A3D2F0332CA005823F6 /* EventStore.swift in Sources */ = {isa = PBXBuildFile; fileRef = 934F5A3C2F0332CA005823F6 /* EventStore.swift */; };
		934F5A3F2F0332CB005823F6 /* EventEditorView.swift in Sources */ = {isa = PBXBuildFile; fileRef = 934F5A3E2F0332CB005823F6 /* EventEditorView.swift */; };
		934F5A412F0332D0005823F6 /* EventListView.swift in Sources */ = {isa = PBXBuildFile; fileRef = 934F5A402F0332D0005823F6 /* EventListView.swift */; };
		935E47B62F4D24FA0053BA9C /* Event.swift in Sources */ = {isa = PBXBuildFile; fileRef = 934F5A3A2F0332C2005823F6 /* Event.swift */; };
		935E47B72F4D24FA0053BA9C /* Event.swift in Sources */ = {isa = PBXBuildFile; fileRef = 934F5A3A2F0332C2005823F6 /* Event.swift */; };
		935E47C12F5214E90053BA9C /* StoreKit.framework in Frameworks */ = {isa = PBXBuildFile; fileRef = 935E47C02F5214E90053BA9C /* StoreKit.framework */; };
		935E77912FAE789A00A9818B /* WidgetKit.framework in Frameworks */ = {isa = PBXBuildFile; fileRef = 9386CEB92EE385B100511539 /* WidgetKit.framework */; };
		935E77922FAE789A00A9818B /* SwiftUI.framework in Frameworks */ = {isa = PBXBuildFile; fileRef = 9386CEBB2EE385B100511539 /* SwiftUI.framework */; };
		935E77A12FAE789B00A9818B /* PhoneCountdownWidgetExtension.appex in Embed Foundation Extensions */ = {isa = PBXBuildFile; fileRef = 935E77902FAE789A00A9818B /* PhoneCountdownWidgetExtension.appex */; settings = {ATTRIBUTES = (RemoveHeadersOnCopy, ); }; };
		935E77A82FAE7A8A00A9818B /* Event.swift in Sources */ = {isa = PBXBuildFile; fileRef = 934F5A3A2F0332C2005823F6 /* Event.swift */; };
		935E77EA2FAE87A700A9818B /* AppIntents.framework in Frameworks */ = {isa = PBXBuildFile; fileRef = 935E77E92FAE87A700A9818B /* AppIntents.framework */; };
		9386CE9D2EE3747B00511539 /* CountdownClock Watch App.app in Embed Watch Content */ = {isa = PBXBuildFile; fileRef = 9386CE9C2EE3747B00511539 /* CountdownClock Watch App.app */; settings = {ATTRIBUTES = (RemoveHeadersOnCopy, ); }; };
		9386CEBA2EE385B100511539 /* WidgetKit.framework in Frameworks */ = {isa = PBXBuildFile; fileRef = 9386CEB92EE385B100511539 /* WidgetKit.framework */; };
		9386CEBC2EE385B100511539 /* SwiftUI.framework in Frameworks */ = {isa = PBXBuildFile; fileRef = 9386CEBB2EE385B100511539 /* SwiftUI.framework */; };
		9386CEC72EE385B200511539 /* CountdownWidgetExtension.appex in Embed Foundation Extensions */ = {isa = PBXBuildFile; fileRef = 9386CEB72EE385B100511539 /* CountdownWidgetExtension.appex */; settings = {ATTRIBUTES = (RemoveHeadersOnCopy, ); }; };
/* End PBXBuildFile section */

/* Begin PBXContainerItemProxy section */
		935E779F2FAE789B00A9818B /* PBXContainerItemProxy */ = {
			isa = PBXContainerItemProxy;
			containerPortal = 9386CE842EE3747A00511539 /* Project object */;
			proxyType = 1;
			remoteGlobalIDString = 935E778F2FAE789A00A9818B;
			remoteInfo = PhoneCountdownWidgetExtension;
		};
		9386CE9E2EE3747B00511539 /* PBXContainerItemProxy */ = {
			isa = PBXContainerItemProxy;
			containerPortal = 9386CE842EE3747A00511539 /* Project object */;
			proxyType = 1;
			remoteGlobalIDString = 9386CE9B2EE3747B00511539;
			remoteInfo = "CountdownClock Watch App";
		};
		9386CEC52EE385B200511539 /* PBXContainerItemProxy */ = {
			isa = PBXContainerItemProxy;
			containerPortal = 9386CE842EE3747A00511539 /* Project object */;
			proxyType = 1;
			remoteGlobalIDString = 9386CEB62EE385B100511539;
			remoteInfo = CountdownWidgetExtension;
		};
/* End PBXContainerItemProxy section */

/* Begin PBXCopyFilesBuildPhase section */
		935E77A22FAE789B00A9818B /* Embed Foundation Extensions */ = {
			isa = PBXCopyFilesBuildPhase;
			buildActionMask = 2147483647;
			dstPath = "";
			dstSubfolderSpec = 13;
			files = (
				935E77A12FAE789B00A9818B /* PhoneCountdownWidgetExtension.appex in Embed Foundation Extensions */,
			);
			name = "Embed Foundation Extensions";
			runOnlyForDeploymentPostprocessing = 0;
		};
		9386CEAF2EE3747B00511539 /* Embed Watch Content */ = {
			isa = PBXCopyFilesBuildPhase;
			buildActionMask = 2147483647;
			dstPath = "$(CONTENTS_FOLDER_PATH)/Watch";
			dstSubfolderSpec = 16;
			files = (
				9386CE9D2EE3747B00511539 /* CountdownClock Watch App.app in Embed Watch Content */,
			);
			name = "Embed Watch Content";
			runOnlyForDeploymentPostprocessing = 0;
		};
		9386CECC2EE385B200511539 /* Embed Foundation Extensions */ = {
			isa = PBXCopyFilesBuildPhase;
			buildActionMask = 2147483647;
			dstPath = "";
			dstSubfolderSpec = 13;
			files = (
				9386CEC72EE385B200511539 /* CountdownWidgetExtension.appex in Embed Foundation Extensions */,
			);
			name = "Embed Foundation Extensions";
			runOnlyForDeploymentPostprocessing = 0;
		};
/* End PBXCopyFilesBuildPhase section */

/* Begin PBXFileReference section */
		934F5A3A2F0332C2005823F6 /* Event.swift */ = {isa = PBXFileReference; lastKnownFileType = sourcecode.swift; path = Event.swift; sourceTree = "<group>"; };
		934F5A3C2F0332CA005823F6 /* EventStore.swift */ = {isa = PBXFileReference; lastKnownFileType = sourcecode.swift; path = EventStore.swift; sourceTree = "<group>"; };
		934F5A3E2F0332CB005823F6 /* EventEditorView.swift */ = {isa = PBXFileReference; lastKnownFileType = sourcecode.swift; path = EventEditorView.swift; sourceTree = "<group>"; };
		934F5A402F0332D0005823F6 /* EventListView.swift */ = {isa = PBXFileReference; lastKnownFileType = sourcecode.swift; path = EventListView.swift; sourceTree = "<group>"; };
		935E47C02F5214E90053BA9C /* StoreKit.framework */ = {isa = PBXFileReference; lastKnownFileType = wrapper.framework; name = StoreKit.framework; path = Platforms/iPhoneOS.platform/Developer/SDKs/iPhoneOS26.2.sdk/System/Library/Frameworks/StoreKit.framework; sourceTree = DEVELOPER_DIR; };
		935E77902FAE789A00A9818B /* PhoneCountdownWidgetExtension.appex */ = {isa = PBXFileReference; explicitFileType = "wrapper.app-extension"; includeInIndex = 0; path = PhoneCountdownWidgetExtension.appex; sourceTree = BUILT_PRODUCTS_DIR; };
		935E77A72FAE78C300A9818B /* PhoneCountdownWidgetExtension.entitlements */ = {isa = PBXFileReference; lastKnownFileType = text.plist.entitlements; path = PhoneCountdownWidgetExtension.entitlements; sourceTree = "<group>"; };
		935E77E92FAE87A700A9818B /* AppIntents.framework */ = {isa = PBXFileReference; lastKnownFileType = wrapper.framework; name = AppIntents.framework; path = Platforms/iPhoneOS.platform/Developer/SDKs/iPhoneOS26.2.sdk/System/Library/Frameworks/AppIntents.framework; sourceTree = DEVELOPER_DIR; };
		9386CE8C2EE3747A00511539 /* CountdownClock.app */ = {isa = PBXFileReference; explicitFileType = wrapper.application; includeInIndex = 0; path = CountdownClock.app; sourceTree = BUILT_PRODUCTS_DIR; };
		9386CE9C2EE3747B00511539 /* CountdownClock Watch App.app */ = {isa = PBXFileReference; explicitFileType = wrapper.application; includeInIndex = 0; path = "CountdownClock Watch App.app"; sourceTree = BUILT_PRODUCTS_DIR; };
		9386CEB72EE385B100511539 /* CountdownWidgetExtension.appex */ = {isa = PBXFileReference; explicitFileType = "wrapper.app-extension"; includeInIndex = 0; path = CountdownWidgetExtension.appex; sourceTree = BUILT_PRODUCTS_DIR; };
		9386CEB92EE385B100511539 /* WidgetKit.framework */ = {isa = PBXFileReference; lastKnownFileType = wrapper.framework; name = WidgetKit.framework; path = System/Library/Frameworks/WidgetKit.framework; sourceTree = SDKROOT; };
		9386CEBB2EE385B100511539 /* SwiftUI.framework */ = {isa = PBXFileReference; lastKnownFileType = wrapper.framework; name = SwiftUI.framework; path = System/Library/Frameworks/SwiftUI.framework; sourceTree = SDKROOT; };
		93DB4F4C2EF4D2DE00E32609 /* CountdownWidgetExtension.entitlements */ = {isa = PBXFileReference; lastKnownFileType = text.plist.entitlements; path = CountdownWidgetExtension.entitlements; sourceTree = "<group>"; };
/* End PBXFileReference section */

/* Begin PBXFileSystemSynchronizedBuildFileExceptionSet section */
		935E77A52FAE789B00A9818B /* Exceptions for "PhoneCountdownWidget" folder in "PhoneCountdownWidgetExtension" target */ = {
			isa = PBXFileSystemSynchronizedBuildFileExceptionSet;
			membershipExceptions = (
				Info.plist,
			);
			target = 935E778F2FAE789A00A9818B /* PhoneCountdownWidgetExtension */;
		};
		9386CEC82EE385B200511539 /* Exceptions for "CountdownWidget" folder in "CountdownWidgetExtension" target */ = {
			isa = PBXFileSystemSynchronizedBuildFileExceptionSet;
			membershipExceptions = (
				Info.plist,
			);
			target = 9386CEB62EE385B100511539 /* CountdownWidgetExtension */;
		};
/* End PBXFileSystemSynchronizedBuildFileExceptionSet section */

/* Begin PBXFileSystemSynchronizedRootGroup section */
		935E77932FAE789A00A9818B /* PhoneCountdownWidget */ = {
			isa = PBXFileSystemSynchronizedRootGroup;
			exceptions = (
				935E77A52FAE789B00A9818B /* Exceptions for "PhoneCountdownWidget" folder in "PhoneCountdownWidgetExtension" target */,
			);
			path = PhoneCountdownWidget;
			sourceTree = "<group>";
		};
		9386CE8E2EE3747A00511539 /* CountdownClock */ = {
			isa = PBXFileSystemSynchronizedRootGroup;
			path = CountdownClock;
			sourceTree = "<group>";
		};
		9386CEA02EE3747B00511539 /* CountdownClock Watch App */ = {
			isa = PBXFileSystemSynchronizedRootGroup;
			path = "CountdownClock Watch App";
			sourceTree = "<group>";
		};
		9386CEBD2EE385B100511539 /* CountdownWidget */ = {
			isa = PBXFileSystemSynchronizedRootGroup;
			exceptions = (
				9386CEC82EE385B200511539 /* Exceptions for "CountdownWidget" folder in "CountdownWidgetExtension" target */,
			);
			path = CountdownWidget;
			sourceTree = "<group>";
		};
/* End PBXFileSystemSynchronizedRootGroup section */

/* Begin PBXFrameworksBuildPhase section */
		935E778D2FAE789A00A9818B /* Frameworks */ = {
			isa = PBXFrameworksBuildPhase;
			buildActionMask = 2147483647;
			files = (
				935E77922FAE789A00A9818B /* SwiftUI.framework in Frameworks */,
				935E77912FAE789A00A9818B /* WidgetKit.framework in Frameworks */,
				935E77EA2FAE87A700A9818B /* AppIntents.framework in Frameworks */,
			);
			runOnlyForDeploymentPostprocessing = 0;
		};
		9386CE892EE3747A00511539 /* Frameworks */ = {
			isa = PBXFrameworksBuildPhase;
			buildActionMask = 2147483647;
			files = (
				935E47C12F5214E90053BA9C /* StoreKit.framework in Frameworks */,
			);
			runOnlyForDeploymentPostprocessing = 0;
		};
		9386CE992EE3747B00511539 /* Frameworks */ = {
			isa = PBXFrameworksBuildPhase;
			buildActionMask = 2147483647;
			files = (
			);
			runOnlyForDeploymentPostprocessing = 0;
		};
		9386CEB42EE385B100511539 /* Frameworks */ = {
			isa = PBXFrameworksBuildPhase;
			buildActionMask = 2147483647;
			files = (
				9386CEBC2EE385B100511539 /* SwiftUI.framework in Frameworks */,
				9386CEBA2EE385B100511539 /* WidgetKit.framework in Frameworks */,
			);
			runOnlyForDeploymentPostprocessing = 0;
		};
/* End PBXFrameworksBuildPhase section */

/* Begin PBXGroup section */
		9386CE832EE3747A00511539 = {
			isa = PBXGroup;
			children = (
				935E77A72FAE78C300A9818B /* PhoneCountdownWidgetExtension.entitlements */,
				93DB4F4C2EF4D2DE00E32609 /* CountdownWidgetExtension.entitlements */,
				9386CE8E2EE3747A00511539 /* CountdownClock */,
				9386CEA02EE3747B00511539 /* CountdownClock Watch App */,
				9386CEBD2EE385B100511539 /* CountdownWidget */,
				935E77932FAE789A00A9818B /* PhoneCountdownWidget */,
				9386CEB82EE385B100511539 /* Frameworks */,
				9386CE8D2EE3747A00511539 /* Products */,
				934F5A3A2F0332C2005823F6 /* Event.swift */,
				934F5A3C2F0332CA005823F6 /* EventStore.swift */,
				934F5A3E2F0332CB005823F6 /* EventEditorView.swift */,
				934F5A402F0332D0005823F6 /* EventListView.swift */,
			);
			sourceTree = "<group>";
		};
		9386CE8D2EE3747A00511539 /* Products */ = {
			isa = PBXGroup;
			children = (
				9386CE8C2EE3747A00511539 /* CountdownClock.app */,
				9386CE9C2EE3747B00511539 /* CountdownClock Watch App.app */,
				9386CEB72EE385B100511539 /* CountdownWidgetExtension.appex */,
				935E77902FAE789A00A9818B /* PhoneCountdownWidgetExtension.appex */,
			);
			name = Products;
			sourceTree = "<group>";
		};
		9386CEB82EE385B100511539 /* Frameworks */ = {
			isa = PBXGroup;
			children = (
				935E77E92FAE87A700A9818B /* AppIntents.framework */,
				935E47C02F5214E90053BA9C /* StoreKit.framework */,
				9386CEB92EE385B100511539 /* WidgetKit.framework */,
				9386CEBB2EE385B100511539 /* SwiftUI.framework */,
			);
			name = Frameworks;
			sourceTree = "<group>";
		};
/* End PBXGroup section */

/* Begin PBXNativeTarget section */
		935E778F2FAE789A00A9818B /* PhoneCountdownWidgetExtension */ = {
			isa = PBXNativeTarget;
			buildConfigurationList = 935E77A62FAE789B00A9818B /* Build configuration list for PBXNativeTarget "PhoneCountdownWidgetExtension" */;
			buildPhases = (
				935E778C2FAE789A00A9818B /* Sources */,
				935E778D2FAE789A00A9818B /* Frameworks */,
				935E778E2FAE789A00A9818B /* Resources */,
			);
			buildRules = (
			);
			dependencies = (
			);
			fileSystemSynchronizedGroups = (
				935E77932FAE789A00A9818B /* PhoneCountdownWidget */,
			);
			name = PhoneCountdownWidgetExtension;
			packageProductDependencies = (
			);
			productName = PhoneCountdownWidgetExtension;
			productReference = 935E77902FAE789A00A9818B /* PhoneCountdownWidgetExtension.appex */;
			productType = "com.apple.product-type.app-extension";
		};
		9386CE8B2EE3747A00511539 /* CountdownClock */ = {
			isa = PBXNativeTarget;
			buildConfigurationList = 9386CEB02EE3747B00511539 /* Build configuration list for PBXNativeTarget "CountdownClock" */;
			buildPhases = (
				9386CE882EE3747A00511539 /* Sources */,
				9386CE892EE3747A00511539 /* Frameworks */,
				9386CE8A2EE3747A00511539 /* Resources */,
				9386CEAF2EE3747B00511539 /* Embed Watch Content */,
				935E77A22FAE789B00A9818B /* Embed Foundation Extensions */,
			);
			buildRules = (
			);
			dependencies = (
				9386CE9F2EE3747B00511539 /* PBXTargetDependency */,
				935E77A02FAE789B00A9818B /* PBXTargetDependency */,
			);
			fileSystemSynchronizedGroups = (
				9386CE8E2EE3747A00511539 /* CountdownClock */,
			);
			name = CountdownClock;
			packageProductDependencies = (
			);
			productName = CountdownClock;
			productReference = 9386CE8C2EE3747A00511539 /* CountdownClock.app */;
			productType = "com.apple.product-type.application";
		};
		9386CE9B2EE3747B00511539 /* CountdownClock Watch App */ = {
			isa = PBXNativeTarget;
			buildConfigurationList = 9386CEAC2EE3747B00511539 /* Build configuration list for PBXNativeTarget "CountdownClock Watch App" */;
			buildPhases = (
				9386CE982EE3747B00511539 /* Sources */,
				9386CE992EE3747B00511539 /* Frameworks */,
				9386CE9A2EE3747B00511539 /* Resources */,
				9386CECC2EE385B200511539 /* Embed Foundation Extensions */,
			);
			buildRules = (
			);
			dependencies = (
				9386CEC62EE385B200511539 /* PBXTargetDependency */,
			);
			fileSystemSynchronizedGroups = (
				9386CEA02EE3747B00511539 /* CountdownClock Watch App */,
			);
			name = "CountdownClock Watch App";
			packageProductDependencies = (
			);
			productName = "CountdownClock Watch App";
			productReference = 9386CE9C2EE3747B00511539 /* CountdownClock Watch App.app */;
			productType = "com.apple.product-type.application";
		};
		9386CEB62EE385B100511539 /* CountdownWidgetExtension */ = {
			isa = PBXNativeTarget;
			buildConfigurationList = 9386CEC92EE385B200511539 /* Build configuration list for PBXNativeTarget "CountdownWidgetExtension" */;
			buildPhases = (
				9386CEB32EE385B100511539 /* Sources */,
				9386CEB42EE385B100511539 /* Frameworks */,
				9386CEB52EE385B100511539 /* Resources */,
			);
			buildRules = (
			);
			dependencies = (
			);
			fileSystemSynchronizedGroups = (
				9386CEBD2EE385B100511539 /* CountdownWidget */,
			);
			name = CountdownWidgetExtension;
			packageProductDependencies = (
			);
			productName = CountdownWidgetExtension;
			productReference = 9386CEB72EE385B100511539 /* CountdownWidgetExtension.appex */;
			productType = "com.apple.product-type.app-extension";
		};
/* End PBXNativeTarget section */

/* Begin PBXProject section */
		9386CE842EE3747A00511539 /* Project object */ = {
			isa = PBXProject;
			attributes = {
				BuildIndependentTargetsInParallel = 1;
				LastSwiftUpdateCheck = 2620;
				LastUpgradeCheck = 1620;
				TargetAttributes = {
					935E778F2FAE789A00A9818B = {
						CreatedOnToolsVersion = 26.2;
					};
					9386CE8B2EE3747A00511539 = {
						CreatedOnToolsVersion = 16.2;
					};
					9386CE9B2EE3747B00511539 = {
						CreatedOnToolsVersion = 16.2;
					};
					9386CEB62EE385B100511539 = {
						CreatedOnToolsVersion = 16.2;
					};
				};
			};
			buildConfigurationList = 9386CE872EE3747A00511539 /* Build configuration list for PBXProject "CountdownClock" */;
			developmentRegion = en;
			hasScannedForEncodings = 0;
			knownRegions = (
				en,
				Base,
			);
			mainGroup = 9386CE832EE3747A00511539;
			minimizedProjectReferenceProxies = 1;
			preferredProjectObjectVersion = 77;
			productRefGroup = 9386CE8D2EE3747A00511539 /* Products */;
			projectDirPath = "";
			projectRoot = "";
			targets = (
				9386CE8B2EE3747A00511539 /* CountdownClock */,
				9386CE9B2EE3747B00511539 /* CountdownClock Watch App */,
				9386CEB62EE385B100511539 /* CountdownWidgetExtension */,
				935E778F2FAE789A00A9818B /* PhoneCountdownWidgetExtension */,
			);
		};
/* End PBXProject section */

/* Begin PBXResourcesBuildPhase section */
		935E778E2FAE789A00A9818B /* Resources */ = {
			isa = PBXResourcesBuildPhase;
			buildActionMask = 2147483647;
			files = (
			);
			runOnlyForDeploymentPostprocessing = 0;
		};
		9386CE8A2EE3747A00511539 /* Resources */ = {
			isa = PBXResourcesBuildPhase;
			buildActionMask = 2147483647;
			files = (
			);
			runOnlyForDeploymentPostprocessing = 0;
		};
		9386CE9A2EE3747B00511539 /* Resources */ = {
			isa = PBXResourcesBuildPhase;
			buildActionMask = 2147483647;
			files = (
			);
			runOnlyForDeploymentPostprocessing = 0;
		};
		9386CEB52EE385B100511539 /* Resources */ = {
			isa = PBXResourcesBuildPhase;
			buildActionMask = 2147483647;
			files = (
			);
			runOnlyForDeploymentPostprocessing = 0;
		};
/* End PBXResourcesBuildPhase section */

/* Begin PBXSourcesBuildPhase section */
		935E778C2FAE789A00A9818B /* Sources */ = {
			isa = PBXSourcesBuildPhase;
			buildActionMask = 2147483647;
			files = (
				935E77A82FAE7A8A00A9818B /* Event.swift in Sources */,
			);
			runOnlyForDeploymentPostprocessing = 0;
		};
		9386CE882EE3747A00511539 /* Sources */ = {
			isa = PBXSourcesBuildPhase;
			buildActionMask = 2147483647;
			files = (
				934F5A3D2F0332CA005823F6 /* EventStore.swift in Sources */,
				934F5A3B2F0332C2005823F6 /* Event.swift in Sources */,
				934F5A3F2F0332CB005823F6 /* EventEditorView.swift in Sources */,
				934F5A412F0332D0005823F6 /* EventListView.swift in Sources */,
			);
			runOnlyForDeploymentPostprocessing = 0;
		};
		9386CE982EE3747B00511539 /* Sources */ = {
			isa = PBXSourcesBuildPhase;
			buildActionMask = 2147483647;
			files = (
				935E47B62F4D24FA0053BA9C /* Event.swift in Sources */,
			);
			runOnlyForDeploymentPostprocessing = 0;
		};
		9386CEB32EE385B100511539 /* Sources */ = {
			isa = PBXSourcesBuildPhase;
			buildActionMask = 2147483647;
			files = (
				935E47B72F4D24FA0053BA9C /* Event.swift in Sources */,
			);
			runOnlyForDeploymentPostprocessing = 0;
		};
/* End PBXSourcesBuildPhase section */

/* Begin PBXTargetDependency section */
		935E77A02FAE789B00A9818B /* PBXTargetDependency */ = {
			isa = PBXTargetDependency;
			target = 935E778F2FAE789A00A9818B /* PhoneCountdownWidgetExtension */;
			targetProxy = 935E779F2FAE789B00A9818B /* PBXContainerItemProxy */;
		};
		9386CE9F2EE3747B00511539 /* PBXTargetDependency */ = {
			isa = PBXTargetDependency;
			target = 9386CE9B2EE3747B00511539 /* CountdownClock Watch App */;
			targetProxy = 9386CE9E2EE3747B00511539 /* PBXContainerItemProxy */;
		};
		9386CEC62EE385B200511539 /* PBXTargetDependency */ = {
			isa = PBXTargetDependency;
			target = 9386CEB62EE385B100511539 /* CountdownWidgetExtension */;
			targetProxy = 9386CEC52EE385B200511539 /* PBXContainerItemProxy */;
		};
/* End PBXTargetDependency section */

/* Begin XCBuildConfiguration section */
		935E77A32FAE789B00A9818B /* Debug */ = {
			isa = XCBuildConfiguration;
			buildSettings = {
				ASSETCATALOG_COMPILER_GLOBAL_ACCENT_COLOR_NAME = AccentColor;
				ASSETCATALOG_COMPILER_WIDGET_BACKGROUND_COLOR_NAME = WidgetBackground;
				CODE_SIGN_ENTITLEMENTS = PhoneCountdownWidgetExtension.entitlements;
				CODE_SIGN_STYLE = Automatic;
				CURRENT_PROJECT_VERSION = 3;
				DEVELOPMENT_TEAM = W8HSG8975B;
				GENERATE_INFOPLIST_FILE = YES;
				INFOPLIST_FILE = PhoneCountdownWidget/Info.plist;
				INFOPLIST_KEY_CFBundleDisplayName = PhoneCountdownWidget;
				INFOPLIST_KEY_NSHumanReadableCopyright = "";
				IPHONEOS_DEPLOYMENT_TARGET = 26.2;
				LD_RUNPATH_SEARCH_PATHS = (
					"$(inherited)",
					"@executable_path/Frameworks",
					"@executable_path/../../Frameworks",
				);
				MARKETING_VERSION = 1.0;
				PRODUCT_BUNDLE_IDENTIFIER = com.chipmania.CountdownClock.PhoneCountdownWidget;
				PRODUCT_NAME = "$(TARGET_NAME)";
				SDKROOT = iphoneos;
				SKIP_INSTALL = YES;
				STRING_CATALOG_GENERATE_SYMBOLS = YES;
				SWIFT_APPROACHABLE_CONCURRENCY = YES;
				SWIFT_EMIT_LOC_STRINGS = YES;
				SWIFT_UPCOMING_FEATURE_MEMBER_IMPORT_VISIBILITY = YES;
				SWIFT_VERSION = 5.0;
				TARGETED_DEVICE_FAMILY = "1,2";
			};
			name = Debug;
		};
		935E77A42FAE789B00A9818B /* Release */ = {
			isa = XCBuildConfiguration;
			buildSettings = {
				ASSETCATALOG_COMPILER_GLOBAL_ACCENT_COLOR_NAME = AccentColor;
				ASSETCATALOG_COMPILER_WIDGET_BACKGROUND_COLOR_NAME = WidgetBackground;
				CODE_SIGN_ENTITLEMENTS = PhoneCountdownWidgetExtension.entitlements;
				CODE_SIGN_STYLE = Automatic;
				CURRENT_PROJECT_VERSION = 3;
				DEVELOPMENT_TEAM = W8HSG8975B;
				GENERATE_INFOPLIST_FILE = YES;
				INFOPLIST_FILE = PhoneCountdownWidget/Info.plist;
				INFOPLIST_KEY_CFBundleDisplayName = PhoneCountdownWidget;
				INFOPLIST_KEY_NSHumanReadableCopyright = "";
				IPHONEOS_DEPLOYMENT_TARGET = 26.2;
				LD_RUNPATH_SEARCH_PATHS = (
					"$(inherited)",
					"@executable_path/Frameworks",
					"@executable_path/../../Frameworks",
				);
				MARKETING_VERSION = 1.0;
				PRODUCT_BUNDLE_IDENTIFIER = com.chipmania.CountdownClock.PhoneCountdownWidget;
				PRODUCT_NAME = "$(TARGET_NAME)";
				SDKROOT = iphoneos;
				SKIP_INSTALL = YES;
				STRING_CATALOG_GENERATE_SYMBOLS = YES;
				SWIFT_APPROACHABLE_CONCURRENCY = YES;
				SWIFT_EMIT_LOC_STRINGS = YES;
				SWIFT_UPCOMING_FEATURE_MEMBER_IMPORT_VISIBILITY = YES;
				SWIFT_VERSION = 5.0;
				TARGETED_DEVICE_FAMILY = "1,2";
				VALIDATE_PRODUCT = YES;
			};
			name = Release;
		};
		9386CEAA2EE3747B00511539 /* Debug */ = {
			isa = XCBuildConfiguration;
			buildSettings = {
				ALWAYS_SEARCH_USER_PATHS = NO;
				ASSETCATALOG_COMPILER_GENERATE_SWIFT_ASSET_SYMBOL_EXTENSIONS = YES;
				CLANG_ANALYZER_NONNULL = YES;
				CLANG_ANALYZER_NUMBER_OBJECT_CONVERSION = YES_AGGRESSIVE;
				CLANG_CXX_LANGUAGE_STANDARD = "gnu++20";
				CLANG_ENABLE_MODULES = YES;
				CLANG_ENABLE_OBJC_ARC = YES;
				CLANG_ENABLE_OBJC_WEAK = YES;
				CLANG_WARN_BLOCK_CAPTURE_AUTORELEASING = YES;
				CLANG_WARN_BOOL_CONVERSION = YES;
				CLANG_WARN_COMMA = YES;
				CLANG_WARN_CONSTANT_CONVERSION = YES;
				CLANG_WARN_DEPRECATED_OBJC_IMPLEMENTATIONS = YES;
				CLANG_WARN_DIRECT_OBJC_ISA_USAGE = YES_ERROR;
				CLANG_WARN_DOCUMENTATION_COMMENTS = YES;
				CLANG_WARN_EMPTY_BODY = YES;
				CLANG_WARN_ENUM_CONVERSION = YES;
				CLANG_WARN_INFINITE_RECURSION = YES;
				CLANG_WARN_INT_CONVERSION = YES;
				CLANG_WARN_NON_LITERAL_NULL_CONVERSION = YES;
				CLANG_WARN_OBJC_IMPLICIT_RETAIN_SELF = YES;
				CLANG_WARN_OBJC_LITERAL_CONVERSION = YES;
				CLANG_WARN_OBJC_ROOT_CLASS = YES_ERROR;
				CLANG_WARN_QUOTED_INCLUDE_IN_FRAMEWORK_HEADER = YES;
				CLANG_WARN_RANGE_LOOP_ANALYSIS = YES;
				CLANG_WARN_STRICT_PROTOTYPES = YES;
				CLANG_WARN_SUSPICIOUS_MOVE = YES;
				CLANG_WARN_UNGUARDED_AVAILABILITY = YES_AGGRESSIVE;
				CLANG_WARN_UNREACHABLE_CODE = YES;
				CLANG_WARN__DUPLICATE_METHOD_MATCH = YES;
				COPY_PHASE_STRIP = NO;
				DEBUG_INFORMATION_FORMAT = dwarf;
				ENABLE_STRICT_OBJC_MSGSEND = YES;
				ENABLE_TESTABILITY = YES;
				ENABLE_USER_SCRIPT_SANDBOXING = YES;
				GCC_C_LANGUAGE_STANDARD = gnu17;
				GCC_DYNAMIC_NO_PIC = NO;
				GCC_NO_COMMON_BLOCKS = YES;
				GCC_OPTIMIZATION_LEVEL = 0;
				GCC_PREPROCESSOR_DEFINITIONS = (
					"DEBUG=1",
					"$(inherited)",
				);
				GCC_WARN_64_TO_32_BIT_CONVERSION = YES;
				GCC_WARN_ABOUT_RETURN_TYPE = YES_ERROR;
				GCC_WARN_UNDECLARED_SELECTOR = YES;
				GCC_WARN_UNINITIALIZED_AUTOS = YES_AGGRESSIVE;
				GCC_WARN_UNUSED_FUNCTION = YES;
				GCC_WARN_UNUSED_VARIABLE = YES;
				LOCALIZATION_PREFERS_STRING_CATALOGS = YES;
				MTL_ENABLE_DEBUG_INFO = INCLUDE_SOURCE;
				MTL_FAST_MATH = YES;
				ONLY_ACTIVE_ARCH = YES;
				SWIFT_ACTIVE_COMPILATION_CONDITIONS = "DEBUG $(inherited)";
				SWIFT_OPTIMIZATION_LEVEL = "-Onone";
			};
			name = Debug;
		};
		9386CEAB2EE3747B00511539 /* Release */ = {
			isa = XCBuildConfiguration;
			buildSettings = {
				ALWAYS_SEARCH_USER_PATHS = NO;
				ASSETCATALOG_COMPILER_GENERATE_SWIFT_ASSET_SYMBOL_EXTENSIONS = YES;
				CLANG_ANALYZER_NONNULL = YES;
				CLANG_ANALYZER_NUMBER_OBJECT_CONVERSION = YES_AGGRESSIVE;
				CLANG_CXX_LANGUAGE_STANDARD = "gnu++20";
				CLANG_ENABLE_MODULES = YES;
				CLANG_ENABLE_OBJC_ARC = YES;
				CLANG_ENABLE_OBJC_WEAK = YES;
				CLANG_WARN_BLOCK_CAPTURE_AUTORELEASING = YES;
				CLANG_WARN_BOOL_CONVERSION = YES;
				CLANG_WARN_COMMA = YES;
				CLANG_WARN_CONSTANT_CONVERSION = YES;
				CLANG_WARN_DEPRECATED_OBJC_IMPLEMENTATIONS = YES;
				CLANG_WARN_DIRECT_OBJC_ISA_USAGE = YES_ERROR;
				CLANG_WARN_DOCUMENTATION_COMMENTS = YES;
				CLANG_WARN_EMPTY_BODY = YES;
				CLANG_WARN_ENUM_CONVERSION = YES;
				CLANG_WARN_INFINITE_RECURSION = YES;
				CLANG_WARN_INT_CONVERSION = YES;
				CLANG_WARN_NON_LITERAL_NULL_CONVERSION = YES;
				CLANG_WARN_OBJC_IMPLICIT_RETAIN_SELF = YES;
				CLANG_WARN_OBJC_LITERAL_CONVERSION = YES;
				CLANG_WARN_OBJC_ROOT_CLASS = YES_ERROR;
				CLANG_WARN_QUOTED_INCLUDE_IN_FRAMEWORK_HEADER = YES;
				CLANG_WARN_RANGE_LOOP_ANALYSIS = YES;
				CLANG_WARN_STRICT_PROTOTYPES = YES;
				CLANG_WARN_SUSPICIOUS_MOVE = YES;
				CLANG_WARN_UNGUARDED_AVAILABILITY = YES_AGGRESSIVE;
				CLANG_WARN_UNREACHABLE_CODE = YES;
				CLANG_WARN__DUPLICATE_METHOD_MATCH = YES;
				COPY_PHASE_STRIP = NO;
				DEBUG_INFORMATION_FORMAT = "dwarf-with-dsym";
				ENABLE_NS_ASSERTIONS = NO;
				ENABLE_STRICT_OBJC_MSGSEND = YES;
				ENABLE_USER_SCRIPT_SANDBOXING = YES;
				GCC_C_LANGUAGE_STANDARD = gnu17;
				GCC_NO_COMMON_BLOCKS = YES;
				GCC_WARN_64_TO_32_BIT_CONVERSION = YES;
				GCC_WARN_ABOUT_RETURN_TYPE = YES_ERROR;
				GCC_WARN_UNDECLARED_SELECTOR = YES;
				GCC_WARN_UNINITIALIZED_AUTOS = YES_AGGRESSIVE;
				GCC_WARN_UNUSED_FUNCTION = YES;
				GCC_WARN_UNUSED_VARIABLE = YES;
				LOCALIZATION_PREFERS_STRING_CATALOGS = YES;
				MTL_ENABLE_DEBUG_INFO = NO;
				MTL_FAST_MATH = YES;
				SWIFT_COMPILATION_MODE = wholemodule;
			};
			name = Release;
		};
		9386CEAD2EE3747B00511539 /* Debug */ = {
			isa = XCBuildConfiguration;
			buildSettings = {
				ASSETCATALOG_COMPILER_APPICON_NAME = AppIcon;
				ASSETCATALOG_COMPILER_GLOBAL_ACCENT_COLOR_NAME = AccentColor;
				CODE_SIGN_ENTITLEMENTS = "CountdownClock Watch App/CountdownClock Watch App.entitlements";
				CODE_SIGN_STYLE = Automatic;
				CURRENT_PROJECT_VERSION = 3;
				DEVELOPMENT_ASSET_PATHS = "\"CountdownClock Watch App/Preview Content\"";
				DEVELOPMENT_TEAM = W8HSG8975B;
				ENABLE_PREVIEWS = YES;
				GENERATE_INFOPLIST_FILE = YES;
				INFOPLIST_KEY_CFBundleDisplayName = CountdownClock;
				INFOPLIST_KEY_NSHealthShareUsageDescription = "We use your Heart Rate Variability (HRV) to detect stress and send encouragement as your event approaches.";
				INFOPLIST_KEY_NSHealthUpdateUsageDescription = "iCountdownClock does not write health data.";
				INFOPLIST_KEY_UISupportedInterfaceOrientations = "UIInterfaceOrientationPortrait UIInterfaceOrientationPortraitUpsideDown";
				INFOPLIST_KEY_WKCompanionAppBundleIdentifier = com.chipmania.CountdownClock;
				LD_RUNPATH_SEARCH_PATHS = (
					"$(inherited)",
					"@executable_path/Frameworks",
				);
				MARKETING_VERSION = 1.0;
				PRODUCT_BUNDLE_IDENTIFIER = com.chipmania.CountdownClock.watchkitapp;
				PRODUCT_NAME = "$(TARGET_NAME)";
				SDKROOT = watchos;
				SKIP_INSTALL = YES;
				SWIFT_EMIT_LOC_STRINGS = YES;
				SWIFT_VERSION = 5.0;
				TARGETED_DEVICE_FAMILY = 4;
				WATCHOS_DEPLOYMENT_TARGET = 10.6;
			};
			name = Debug;
		};
		9386CEAE2EE3747B00511539 /* Release */ = {
			isa = XCBuildConfiguration;
			buildSettings = {
				ASSETCATALOG_COMPILER_APPICON_NAME = AppIcon;
				ASSETCATALOG_COMPILER_GLOBAL_ACCENT_COLOR_NAME = AccentColor;
				CODE_SIGN_ENTITLEMENTS = "CountdownClock Watch App/CountdownClock Watch App.entitlements";
				CODE_SIGN_STYLE = Automatic;
				CURRENT_PROJECT_VERSION = 3;
				DEVELOPMENT_ASSET_PATHS = "\"CountdownClock Watch App/Preview Content\"";
				DEVELOPMENT_TEAM = W8HSG8975B;
				ENABLE_PREVIEWS = YES;
				GENERATE_INFOPLIST_FILE = YES;
				INFOPLIST_KEY_CFBundleDisplayName = CountdownClock;
				INFOPLIST_KEY_NSHealthShareUsageDescription = "We use your Heart Rate Variability (HRV) to detect stress and send encouragement as your event approaches.";
				INFOPLIST_KEY_NSHealthUpdateUsageDescription = "iCountdownClock does not write health data.";
				INFOPLIST_KEY_UISupportedInterfaceOrientations = "UIInterfaceOrientationPortrait UIInterfaceOrientationPortraitUpsideDown";
				INFOPLIST_KEY_WKCompanionAppBundleIdentifier = com.chipmania.CountdownClock;
				LD_RUNPATH_SEARCH_PATHS = (
					"$(inherited)",
					"@executable_path/Frameworks",
				);
				MARKETING_VERSION = 1.0;
				PRODUCT_BUNDLE_IDENTIFIER = com.chipmania.CountdownClock.watchkitapp;
				PRODUCT_NAME = "$(TARGET_NAME)";
				SDKROOT = watchos;
				SKIP_INSTALL = YES;
				SWIFT_EMIT_LOC_STRINGS = YES;
				SWIFT_VERSION = 5.0;
				TARGETED_DEVICE_FAMILY = 4;
				VALIDATE_PRODUCT = YES;
				WATCHOS_DEPLOYMENT_TARGET = 10.6;
			};
			name = Release;
		};
		9386CEB12EE3747B00511539 /* Debug */ = {
			isa = XCBuildConfiguration;
			buildSettings = {
				ASSETCATALOG_COMPILER_APPICON_NAME = AppIcon;
				ASSETCATALOG_COMPILER_GLOBAL_ACCENT_COLOR_NAME = AccentColor;
				CODE_SIGN_ENTITLEMENTS = CountdownClock/CountdownClock.entitlements;
				CODE_SIGN_STYLE = Automatic;
				CURRENT_PROJECT_VERSION = 3;
				DEVELOPMENT_ASSET_PATHS = "\"CountdownClock/Preview Content\"";
				DEVELOPMENT_TEAM = W8HSG8975B;
				ENABLE_PREVIEWS = YES;
				GENERATE_INFOPLIST_FILE = YES;
				INFOPLIST_KEY_CFBundleDisplayName = CountdownClock;
				INFOPLIST_KEY_LSApplicationCategoryType = "public.app-category.lifestyle";
				INFOPLIST_KEY_UIApplicationSceneManifest_Generation = YES;
				INFOPLIST_KEY_UIApplicationSupportsIndirectInputEvents = YES;
				INFOPLIST_KEY_UILaunchScreen_Generation = YES;
				INFOPLIST_KEY_UISupportedInterfaceOrientations_iPad = "UIInterfaceOrientationPortrait UIInterfaceOrientationPortraitUpsideDown UIInterfaceOrientationLandscapeLeft UIInterfaceOrientationLandscapeRight";
				INFOPLIST_KEY_UISupportedInterfaceOrientations_iPhone = "UIInterfaceOrientationPortrait UIInterfaceOrientationLandscapeLeft UIInterfaceOrientationLandscapeRight";
				IPHONEOS_DEPLOYMENT_TARGET = 18.2;
				LD_RUNPATH_SEARCH_PATHS = (
					"$(inherited)",
					"@executable_path/Frameworks",
				);
				MARKETING_VERSION = 1.0;
				PRODUCT_BUNDLE_IDENTIFIER = com.chipmania.CountdownClock;
				PRODUCT_NAME = "$(TARGET_NAME)";
				SDKROOT = iphoneos;
				SUPPORTED_PLATFORMS = "iphoneos iphonesimulator";
				SUPPORTS_MACCATALYST = NO;
				SUPPORTS_MAC_DESIGNED_FOR_IPHONE_IPAD = NO;
				SUPPORTS_XR_DESIGNED_FOR_IPHONE_IPAD = NO;
				SWIFT_EMIT_LOC_STRINGS = YES;
				SWIFT_VERSION = 5.0;
				TARGETED_DEVICE_FAMILY = 1;
			};
			name = Debug;
		};
		9386CEB22EE3747B00511539 /* Release */ = {
			isa = XCBuildConfiguration;
			buildSettings = {
				ASSETCATALOG_COMPILER_APPICON_NAME = AppIcon;
				ASSETCATALOG_COMPILER_GLOBAL_ACCENT_COLOR_NAME = AccentColor;
				CODE_SIGN_ENTITLEMENTS = CountdownClock/CountdownClock.entitlements;
				CODE_SIGN_STYLE = Automatic;
				CURRENT_PROJECT_VERSION = 3;
				DEVELOPMENT_ASSET_PATHS = "\"CountdownClock/Preview Content\"";
				DEVELOPMENT_TEAM = W8HSG8975B;
				ENABLE_PREVIEWS = YES;
				GENERATE_INFOPLIST_FILE = YES;
				INFOPLIST_KEY_CFBundleDisplayName = CountdownClock;
				INFOPLIST_KEY_LSApplicationCategoryType = "public.app-category.lifestyle";
				INFOPLIST_KEY_UIApplicationSceneManifest_Generation = YES;
				INFOPLIST_KEY_UIApplicationSupportsIndirectInputEvents = YES;
				INFOPLIST_KEY_UILaunchScreen_Generation = YES;
				INFOPLIST_KEY_UISupportedInterfaceOrientations_iPad = "UIInterfaceOrientationPortrait UIInterfaceOrientationPortraitUpsideDown UIInterfaceOrientationLandscapeLeft UIInterfaceOrientationLandscapeRight";
				INFOPLIST_KEY_UISupportedInterfaceOrientations_iPhone = "UIInterfaceOrientationPortrait UIInterfaceOrientationLandscapeLeft UIInterfaceOrientationLandscapeRight";
				IPHONEOS_DEPLOYMENT_TARGET = 18.2;
				LD_RUNPATH_SEARCH_PATHS = (
					"$(inherited)",
					"@executable_path/Frameworks",
				);
				MARKETING_VERSION = 1.0;
				PRODUCT_BUNDLE_IDENTIFIER = com.chipmania.CountdownClock;
				PRODUCT_NAME = "$(TARGET_NAME)";
				SDKROOT = iphoneos;
				SUPPORTED_PLATFORMS = "iphoneos iphonesimulator";
				SUPPORTS_MACCATALYST = NO;
				SUPPORTS_MAC_DESIGNED_FOR_IPHONE_IPAD = NO;
				SUPPORTS_XR_DESIGNED_FOR_IPHONE_IPAD = NO;
				SWIFT_EMIT_LOC_STRINGS = YES;
				SWIFT_VERSION = 5.0;
				TARGETED_DEVICE_FAMILY = 1;
				VALIDATE_PRODUCT = YES;
			};
			name = Release;
		};
		9386CECA2EE385B200511539 /* Debug */ = {
			isa = XCBuildConfiguration;
			buildSettings = {
				ASSETCATALOG_COMPILER_GLOBAL_ACCENT_COLOR_NAME = AccentColor;
				ASSETCATALOG_COMPILER_WIDGET_BACKGROUND_COLOR_NAME = WidgetBackground;
				CODE_SIGN_ENTITLEMENTS = CountdownWidgetExtension.entitlements;
				CODE_SIGN_STYLE = Automatic;
				CURRENT_PROJECT_VERSION = 1;
				DEVELOPMENT_TEAM = W8HSG8975B;
				GENERATE_INFOPLIST_FILE = YES;
				INFOPLIST_FILE = CountdownWidget/Info.plist;
				INFOPLIST_KEY_CFBundleDisplayName = CountdownWidget;
				INFOPLIST_KEY_NSHumanReadableCopyright = "";
				LD_RUNPATH_SEARCH_PATHS = (
					"$(inherited)",
					"@executable_path/Frameworks",
					"@executable_path/../../Frameworks",
					"@executable_path/../../../../Frameworks",
				);
				MARKETING_VERSION = 1.0;
				PRODUCT_BUNDLE_IDENTIFIER = com.chipmania.CountdownClock.watchkitapp.CountdownWidget;
				PRODUCT_NAME = "$(TARGET_NAME)";
				SDKROOT = watchos;
				SKIP_INSTALL = YES;
				SUPPORTED_PLATFORMS = "watchos watchsimulator";
				SUPPORTS_MACCATALYST = NO;
				SWIFT_EMIT_LOC_STRINGS = YES;
				SWIFT_VERSION = 5.0;
				TARGETED_DEVICE_FAMILY = 4;
				WATCHOS_DEPLOYMENT_TARGET = 10.6;
			};
			name = Debug;
		};
		9386CECB2EE385B200511539 /* Release */ = {
			isa = XCBuildConfiguration;
			buildSettings = {
				ASSETCATALOG_COMPILER_GLOBAL_ACCENT_COLOR_NAME = AccentColor;
				ASSETCATALOG_COMPILER_WIDGET_BACKGROUND_COLOR_NAME = WidgetBackground;
				CODE_SIGN_ENTITLEMENTS = CountdownWidgetExtension.entitlements;
				CODE_SIGN_STYLE = Automatic;
				CURRENT_PROJECT_VERSION = 1;
				DEVELOPMENT_TEAM = W8HSG8975B;
				GENERATE_INFOPLIST_FILE = YES;
				INFOPLIST_FILE = CountdownWidget/Info.plist;
				INFOPLIST_KEY_CFBundleDisplayName = CountdownWidget;
				INFOPLIST_KEY_NSHumanReadableCopyright = "";
				LD_RUNPATH_SEARCH_PATHS = (
					"$(inherited)",
					"@executable_path/Frameworks",
					"@executable_path/../../Frameworks",
					"@executable_path/../../../../Frameworks",
				);
				MARKETING_VERSION = 1.0;
				PRODUCT_BUNDLE_IDENTIFIER = com.chipmania.CountdownClock.watchkitapp.CountdownWidget;
				PRODUCT_NAME = "$(TARGET_NAME)";
				SDKROOT = watchos;
				SKIP_INSTALL = YES;
				SUPPORTED_PLATFORMS = "watchos watchsimulator";
				SUPPORTS_MACCATALYST = NO;
				SWIFT_EMIT_LOC_STRINGS = YES;
				SWIFT_VERSION = 5.0;
				TARGETED_DEVICE_FAMILY = 4;
				VALIDATE_PRODUCT = YES;
				WATCHOS_DEPLOYMENT_TARGET = 10.6;
			};
			name = Release;
		};
/* End XCBuildConfiguration section */

/* Begin XCConfigurationList section */
		935E77A62FAE789B00A9818B /* Build configuration list for PBXNativeTarget "PhoneCountdownWidgetExtension" */ = {
			isa = XCConfigurationList;
			buildConfigurations = (
				935E77A32FAE789B00A9818B /* Debug */,
				935E77A42FAE789B00A9818B /* Release */,
			);
			defaultConfigurationIsVisible = 0;
			defaultConfigurationName = Release;
		};
		9386CE872EE3747A00511539 /* Build configuration list for PBXProject "CountdownClock" */ = {
			isa = XCConfigurationList;
			buildConfigurations = (
				9386CEAA2EE3747B00511539 /* Debug */,
				9386CEAB2EE3747B00511539 /* Release */,
			);
			defaultConfigurationIsVisible = 0;
			defaultConfigurationName = Release;
		};
		9386CEAC2EE3747B00511539 /* Build configuration list for PBXNativeTarget "CountdownClock Watch App" */ = {
			isa = XCConfigurationList;
			buildConfigurations = (
				9386CEAD2EE3747B00511539 /* Debug */,
				9386CEAE2EE3747B00511539 /* Release */,
			);
			defaultConfigurationIsVisible = 0;
			defaultConfigurationName = Release;
		};
		9386CEB02EE3747B00511539 /* Build configuration list for PBXNativeTarget "CountdownClock" */ = {
			isa = XCConfigurationList;
			buildConfigurations = (
				9386CEB12EE3747B00511539 /* Debug */,
				9386CEB22EE3747B00511539 /* Release */,
			);
			defaultConfigurationIsVisible = 0;
			defaultConfigurationName = Release;
		};
		9386CEC92EE385B200511539 /* Build configuration list for PBXNativeTarget "CountdownWidgetExtension" */ = {
			isa = XCConfigurationList;
			buildConfigurations = (
				9386CECA2EE385B200511539 /* Debug */,
				9386CECB2EE385B200511539 /* Release */,
			);
			defaultConfigurationIsVisible = 0;
			defaultConfigurationName = Release;
		};
/* End XCConfigurationList section */
	};
	rootObject = 9386CE842EE3747A00511539 /* Project object */;
}
